
Microsoft Visual Studio Solution File, Format Version 12.00
# Visual Studio Version 17
VisualStudioVersion = 17.8.34408.163
MinimumVisualStudioVersion = 10.0.40219.1
Project("{2150E333-8FDC-42A3-9474-1A3956D46DE8}") = "Solution Items", "Solution Items", "{1B628126-D045-45A8-BF85-FA0D28B6BA1B}"
	ProjectSection(SolutionItems) = preProject
		Directory.Build.props = Directory.Build.props
	EndProjectSection
EndProject
Project("{2150E333-8FDC-42A3-9474-1A3956D46DE8}") = "Sample", "Sample", "{139DAF8C-D160-4BB2-9495-1E0C03B8A9EB}"
EndProject
Project("{9A19103F-16F7-4668-BE54-9A1E7A4F7556}") = "WPFDevelopers.Minimal.Net40", "WPFDevelopers.Minimal.Net40\WPFDevelopers.Minimal.Net40.csproj", "{86C7221C-07A6-48ED-A8ED-2E44BEC7E2CC}"
EndProject
Project("{D954291E-2A0B-460D-934E-DC6B0785DB48}") = "WPFDevelopers.Minimal.Sample.Shared", "WPFDevelopers.Minimal.Sample.Shared\WPFDevelopers.Minimal.Sample.Shared.shproj", "{018B1A33-3924-46FD-9429-6EAC6ECC9AAD}"
EndProject
Project("{D954291E-2A0B-460D-934E-DC6B0785DB48}") = "WPFDevelopers.Minimal.Shared", "WPFDevelopers.Minimal.Shared\WPFDevelopers.Minimal.Shared.shproj", "{81D06E90-D6A6-4198-AE6D-F62942247F91}"
EndProject
Project("{D954291E-2A0B-460D-934E-DC6B0785DB48}") = "Microsoft.Windows.Shell", "Microsoft.Windows.Shell\Microsoft.Windows.Shell.shproj", "{572D11B9-7EA8-4A04-849A-BB2B0371786F}"
EndProject
Project("{9A19103F-16F7-4668-BE54-9A1E7A4F7556}") = "WPFDevelopers.Minimal.Net45x", "WPFDevelopers.Minimal.Net45x\WPFDevelopers.Minimal.Net45x.csproj", "{267504E7-DB8E-4EF8-BE50-983663C2D472}"
EndProject
Project("{9A19103F-16F7-4668-BE54-9A1E7A4F7556}") = "WPFDevelopers.Minimal.Sample.Net45x", "WPFDevelopers.Minimal.Sample.Net45x\WPFDevelopers.Minimal.Sample.Net45x.csproj", "{2D992226-EE7D-4598-AFF9-25624FC407C9}"
EndProject
Project("{9A19103F-16F7-4668-BE54-9A1E7A4F7556}") = "WPFDevelopers.Minimal.Sample.Net40", "WPFDevelopers.Minimal.Sample.Net40\WPFDevelopers.Minimal.Sample.Net40.csproj", "{EDDF2037-172B-4DAF-BC3E-573B048DA376}"
EndProject
Global
	GlobalSection(SolutionConfigurationPlatforms) = preSolution
		Debug|Any CPU = Debug|Any CPU
		Release|Any CPU = Release|Any CPU
	EndGlobalSection
	GlobalSection(ProjectConfigurationPlatforms) = postSolution
		{86C7221C-07A6-48ED-A8ED-2E44BEC7E2CC}.Debug|Any CPU.ActiveCfg = Debug|Any CPU
		{86C7221C-07A6-48ED-A8ED-2E44BEC7E2CC}.Debug|Any CPU.Build.0 = Debug|Any CPU
		{86C7221C-07A6-48ED-A8ED-2E44BEC7E2CC}.Release|Any CPU.ActiveCfg = Release|Any CPU
		{86C7221C-07A6-48ED-A8ED-2E44BEC7E2CC}.Release|Any CPU.Build.0 = Release|Any CPU
		{267504E7-DB8E-4EF8-BE50-983663C2D472}.Debug|Any CPU.ActiveCfg = Debug|Any CPU
		{267504E7-DB8E-4EF8-BE50-983663C2D472}.Release|Any CPU.ActiveCfg = Release|Any CPU
		{267504E7-DB8E-4EF8-BE50-983663C2D472}.Release|Any CPU.Build.0 = Release|Any CPU
		{2D992226-EE7D-4598-AFF9-25624FC407C9}.Debug|Any CPU.ActiveCfg = Debug|Any CPU
		{2D992226-EE7D-4598-AFF9-25624FC407C9}.Debug|Any CPU.Build.0 = Debug|Any CPU
		{2D992226-EE7D-4598-AFF9-25624FC407C9}.Release|Any CPU.ActiveCfg = Release|Any CPU
		{2D992226-EE7D-4598-AFF9-25624FC407C9}.Release|Any CPU.Build.0 = Release|Any CPU
		{EDDF2037-172B-4DAF-BC3E-573B048DA376}.Debug|Any CPU.ActiveCfg = Debug|Any CPU
		{EDDF2037-172B-4DAF-BC3E-573B048DA376}.Debug|Any CPU.Build.0 = Debug|Any CPU
		{EDDF2037-172B-4DAF-BC3E-573B048DA376}.Release|Any CPU.ActiveCfg = Release|Any CPU
		{EDDF2037-172B-4DAF-BC3E-573B048DA376}.Release|Any CPU.Build.0 = Release|Any CPU
	EndGlobalSection
	GlobalSection(SolutionProperties) = preSolution
		HideSolutionNode = FALSE
	EndGlobalSection
	GlobalSection(NestedProjects) = preSolution
		{018B1A33-3924-46FD-9429-6EAC6ECC9AAD} = {139DAF8C-D160-4BB2-9495-1E0C03B8A9EB}
		{2D992226-EE7D-4598-AFF9-25624FC407C9} = {139DAF8C-D160-4BB2-9495-1E0C03B8A9EB}
		{EDDF2037-172B-4DAF-BC3E-573B048DA376} = {139DAF8C-D160-4BB2-9495-1E0C03B8A9EB}
	EndGlobalSection
	GlobalSection(ExtensibilityGlobals) = postSolution
		SolutionGuid = {577B9E56-3325-4093-9D4D-E68C4AD13154}
	EndGlobalSection
	GlobalSection(SharedMSBuildProjectFiles) = preSolution
		WPFDevelopers.Minimal.Sample.Shared\WPFDevelopers.Minimal.Sample.Shared.projitems*{018b1a33-3924-46fd-9429-6eac6ecc9aad}*SharedItemsImports = 13
		WPFDevelopers.Minimal.Shared\WPFDevelopers.Minimal.Shared.projitems*{267504e7-db8e-4ef8-be50-983663c2d472}*SharedItemsImports = 5
		WPFDevelopers.Minimal.Sample.Shared\WPFDevelopers.Minimal.Sample.Shared.projitems*{2d992226-ee7d-4598-aff9-25624fc407c9}*SharedItemsImports = 5
		Microsoft.Windows.Shell\Microsoft.Windows.Shell.projitems*{572d11b9-7ea8-4a04-849a-bb2b0371786f}*SharedItemsImports = 13
		WPFDevelopers.Minimal.Shared\WPFDevelopers.Minimal.Shared.projitems*{81d06e90-d6a6-4198-ae6d-f62942247f91}*SharedItemsImports = 13
		Microsoft.Windows.Shell\Microsoft.Windows.Shell.projitems*{86c7221c-07a6-48ed-a8ed-2e44bec7e2cc}*SharedItemsImports = 5
		WPFDevelopers.Minimal.Shared\WPFDevelopers.Minimal.Shared.projitems*{86c7221c-07a6-48ed-a8ed-2e44bec7e2cc}*SharedItemsImports = 5
		WPFDevelopers.Minimal.Sample.Shared\WPFDevelopers.Minimal.Sample.Shared.projitems*{eddf2037-172b-4daf-bc3e-573b048da376}*SharedItemsImports = 5
	EndGlobalSection
EndGlobal
