
Microsoft Visual Studio Solution File, Format Version 12.00
# Visual Studio Version 16
VisualStudioVersion = 16.0.30907.101
MinimumVisualStudioVersion = 10.0.40219.1
Project("{2150E333-8FDC-42A3-9474-1A3956D46DE8}") = "Solution Items", "Solution Items", "{1B628126-D045-45A8-BF85-FA0D28B6BA1B}"
	ProjectSection(SolutionItems) = preProject
		Directory.Build.props = Directory.Build.props
	EndProjectSection
EndProject
Project("{D954291E-2A0B-460D-934E-DC6B0785DB48}") = "WpfShocked.Shared", "WpfShocked.Shared\WpfShocked.Shared.shproj", "{EC75CB3A-CF72-4496-BCF7-FF7C9DA01F44}"
EndProject
Project("{FAE04EC0-301F-11D3-BF4B-00C04F79EFBC}") = "WpfShocked.Net40", "WpfShocked.Net40\WpfShocked.Net40.csproj", "{86C7221C-07A6-48ED-A8ED-2E44BEC7E2CC}"
EndProject
Global
	GlobalSection(SharedMSBuildProjectFiles) = preSolution
		WpfShocked.Shared\WpfShocked.Shared.projitems*{86c7221c-07a6-48ed-a8ed-2e44bec7e2cc}*SharedItemsImports = 4
		WpfShocked.Shared\WpfShocked.Shared.projitems*{ec75cb3a-cf72-4496-bcf7-ff7c9da01f44}*SharedItemsImports = 13
	EndGlobalSection
	GlobalSection(SolutionConfigurationPlatforms) = preSolution
		Debug|Any CPU = Debug|Any CPU
		Release|Any CPU = Release|Any CPU
	EndGlobalSection
	GlobalSection(ProjectConfigurationPlatforms) = postSolution
		{86C7221C-07A6-48ED-A8ED-2E44BEC7E2CC}.Debug|Any CPU.ActiveCfg = Debug|Any CPU
		{86C7221C-07A6-48ED-A8ED-2E44BEC7E2CC}.Debug|Any CPU.Build.0 = Debug|Any CPU
		{86C7221C-07A6-48ED-A8ED-2E44BEC7E2CC}.Release|Any CPU.ActiveCfg = Release|Any CPU
		{86C7221C-07A6-48ED-A8ED-2E44BEC7E2CC}.Release|Any CPU.Build.0 = Release|Any CPU
	EndGlobalSection
	GlobalSection(SolutionProperties) = preSolution
		HideSolutionNode = FALSE
	EndGlobalSection
	GlobalSection(ExtensibilityGlobals) = postSolution
		SolutionGuid = {577B9E56-3325-4093-9D4D-E68C4AD13154}
	EndGlobalSection
EndGlobal
